
Microsoft Visual Studio Solution File, Format Version 12.00
# Visual Studio Version 17
VisualStudioVersion = 17.8.34330.188
MinimumVisualStudioVersion = 10.0.40219.1
Project("{2150E333-8FDC-42A3-9474-1A3956D46DE8}") = "src", "src", "{985C2DA6-8F96-49AC-B827-407398768EFF}"
EndProject
Project("{2150E333-8FDC-42A3-9474-1A3956D46DE8}") = "Solution Items", "Solution Items", "{84C37F16-6AE3-47E0-9CE2-FD9A858C3988}"
	ProjectSection(SolutionItems) = preProject
		ServiceUrls.txt = ServiceUrls.txt
	EndProjectSection
EndProject
Project("{2150E333-8FDC-42A3-9474-1A3956D46DE8}") = "Service", "Service", "{905EF819-F0B7-42F5-A530-06547A43DCED}"
EndProject
Project("{2150E333-8FDC-42A3-9474-1A3956D46DE8}") = "Clients", "Clients", "{284EDCE8-A1F0-4901-BD95-AA13FA8D8476}"
EndProject
Project("{2150E333-8FDC-42A3-9474-1A3956D46DE8}") = "BuildingBlocks", "BuildingBlocks", "{26FA7C54-02E2-4A76-8ECE-11FEDEB57946}"
EndProject
Project("{2150E333-8FDC-42A3-9474-1A3956D46DE8}") = "ApiGateways", "ApiGateways", "{FF4D2553-5FD2-414B-8907-D7AFCB4ADC6E}"
EndProject
Project("{2150E333-8FDC-42A3-9474-1A3956D46DE8}") = "CatalogService", "CatalogService", "{0FDD381B-459F-4B6F-839D-AEF40F1063CF}"
EndProject
Project("{2150E333-8FDC-42A3-9474-1A3956D46DE8}") = "BlazorWebApp", "BlazorWebApp", "{4A13DCCF-9D66-4E7C-8929-8D8D89627157}"
EndProject
Project("{2150E333-8FDC-42A3-9474-1A3956D46DE8}") = "EventBus", "EventBus", "{69173A9E-B379-4FE5-8A2E-67F5B8C8ADF9}"
EndProject
Project("{2150E333-8FDC-42A3-9474-1A3956D46DE8}") = "WebApiGateway", "WebApiGateway", "{17BE1514-172E-46E8-AD50-579A653CD8A9}"
EndProject
Project("{9A19103F-16F7-4668-BE54-9A1E7A4F7556}") = "Web.ApiGateways", "src\ApiGateways\Web.ApiGateways\Web.ApiGateways.csproj", "{974F5EEA-6F8F-472C-829B-17E8C86C59E4}"
EndProject
Project("{9A19103F-16F7-4668-BE54-9A1E7A4F7556}") = "WebApp", "src\Clients\BlazorWebApp\WebApp\WebApp.csproj", "{38D2639F-F32E-4607-BD89-E0C2145A8D1A}"
EndProject
Project("{9A19103F-16F7-4668-BE54-9A1E7A4F7556}") = "CatalogService.Api", "src\Services\CatalogService\CatalogService.Api\CatalogService.Api.csproj", "{7C490EAC-5112-42D1-AE90-14AA71631129}"
EndProject
Project("{9A19103F-16F7-4668-BE54-9A1E7A4F7556}") = "EventBus.Base", "src\BuildingBlocks\EventBus\EventBus.Base\EventBus.Base.csproj", "{D38535A8-7ABB-4BBA-ACF2-531EF2BBD974}"
EndProject
Project("{9A19103F-16F7-4668-BE54-9A1E7A4F7556}") = "EventBus.Factory", "src\BuildingBlocks\EventBus\EventBus.Factory\EventBus.Factory.csproj", "{2094E3E1-2AC6-4199-908E-7F07D6324439}"
EndProject
Project("{9A19103F-16F7-4668-BE54-9A1E7A4F7556}") = "EventBus.RabbitMQ", "src\BuildingBlocks\EventBus\EventBus.RabbitMQ\EventBus.RabbitMQ.csproj", "{30679635-6775-44D7-9E4C-038A0F10F3CD}"
EndProject
Project("{2150E333-8FDC-42A3-9474-1A3956D46DE8}") = "IdentityService", "IdentityService", "{8FE7AB63-92F2-465F-8997-E5A43F67BB64}"
EndProject
Project("{9A19103F-16F7-4668-BE54-9A1E7A4F7556}") = "IdentityService.Api", "src\Services\IdentityService\IdentityService.Api\IdentityService.Api.csproj", "{550D833D-11DA-4057-80BE-5C58FF53653D}"
EndProject
Project("{2150E333-8FDC-42A3-9474-1A3956D46DE8}") = "tests", "tests", "{C02CE22E-89C0-426C-9AF1-EE22756B5B06}"
EndProject
Project("{9A19103F-16F7-4668-BE54-9A1E7A4F7556}") = "TestProject", "tests\BuildingBlocks\EBus.UnitTest\TestProject\TestProject.csproj", "{0F8D33D4-EE83-4D20-B03E-6662523C3D3C}"
EndProject
Project("{2150E333-8FDC-42A3-9474-1A3956D46DE8}") = "BasketService", "BasketService", "{1E9D89EE-EE04-43F9-978E-70C4203B548F}"
EndProject
Project("{9A19103F-16F7-4668-BE54-9A1E7A4F7556}") = "BasketService.Api", "src\Services\BasketService\BasketService.Api\BasketService.Api.csproj", "{76A6AB79-2C4E-4181-9622-77A260F9C2C9}"
EndProject
Project("{2150E333-8FDC-42A3-9474-1A3956D46DE8}") = "PaymentService", "PaymentService", "{94CE2D90-A741-4CF2-9B70-D6A09DE64E12}"
EndProject
Project("{FAE04EC0-301F-11D3-BF4B-00C04F79EFBC}") = "PaymentService.Api", "src\Services\PaymentService\PaymentService.Api\PaymentService.Api.csproj", "{4EF62FF0-B998-4B7B-A4ED-A39CB6D7F87A}"
EndProject
Project("{2150E333-8FDC-42A3-9474-1A3956D46DE8}") = "NotificationService", "NotificationService", "{D7B48162-41FA-44B0-9B6D-AC21431ECE34}"
EndProject
Global
	GlobalSection(SolutionConfigurationPlatforms) = preSolution
		Debug|Any CPU = Debug|Any CPU
		Release|Any CPU = Release|Any CPU
	EndGlobalSection
	GlobalSection(ProjectConfigurationPlatforms) = postSolution
		{974F5EEA-6F8F-472C-829B-17E8C86C59E4}.Debug|Any CPU.ActiveCfg = Debug|Any CPU
		{974F5EEA-6F8F-472C-829B-17E8C86C59E4}.Debug|Any CPU.Build.0 = Debug|Any CPU
		{974F5EEA-6F8F-472C-829B-17E8C86C59E4}.Release|Any CPU.ActiveCfg = Release|Any CPU
		{974F5EEA-6F8F-472C-829B-17E8C86C59E4}.Release|Any CPU.Build.0 = Release|Any CPU
		{38D2639F-F32E-4607-BD89-E0C2145A8D1A}.Debug|Any CPU.ActiveCfg = Debug|Any CPU
		{38D2639F-F32E-4607-BD89-E0C2145A8D1A}.Debug|Any CPU.Build.0 = Debug|Any CPU
		{38D2639F-F32E-4607-BD89-E0C2145A8D1A}.Release|Any CPU.ActiveCfg = Release|Any CPU
		{38D2639F-F32E-4607-BD89-E0C2145A8D1A}.Release|Any CPU.Build.0 = Release|Any CPU
		{7C490EAC-5112-42D1-AE90-14AA71631129}.Debug|Any CPU.ActiveCfg = Debug|Any CPU
		{7C490EAC-5112-42D1-AE90-14AA71631129}.Debug|Any CPU.Build.0 = Debug|Any CPU
		{7C490EAC-5112-42D1-AE90-14AA71631129}.Release|Any CPU.ActiveCfg = Release|Any CPU
		{7C490EAC-5112-42D1-AE90-14AA71631129}.Release|Any CPU.Build.0 = Release|Any CPU
		{D38535A8-7ABB-4BBA-ACF2-531EF2BBD974}.Debug|Any CPU.ActiveCfg = Debug|Any CPU
		{D38535A8-7ABB-4BBA-ACF2-531EF2BBD974}.Debug|Any CPU.Build.0 = Debug|Any CPU
		{D38535A8-7ABB-4BBA-ACF2-531EF2BBD974}.Release|Any CPU.ActiveCfg = Release|Any CPU
		{D38535A8-7ABB-4BBA-ACF2-531EF2BBD974}.Release|Any CPU.Build.0 = Release|Any CPU
		{2094E3E1-2AC6-4199-908E-7F07D6324439}.Debug|Any CPU.ActiveCfg = Debug|Any CPU
		{2094E3E1-2AC6-4199-908E-7F07D6324439}.Debug|Any CPU.Build.0 = Debug|Any CPU
		{2094E3E1-2AC6-4199-908E-7F07D6324439}.Release|Any CPU.ActiveCfg = Release|Any CPU
		{2094E3E1-2AC6-4199-908E-7F07D6324439}.Release|Any CPU.Build.0 = Release|Any CPU
		{30679635-6775-44D7-9E4C-038A0F10F3CD}.Debug|Any CPU.ActiveCfg = Debug|Any CPU
		{30679635-6775-44D7-9E4C-038A0F10F3CD}.Debug|Any CPU.Build.0 = Debug|Any CPU
		{30679635-6775-44D7-9E4C-038A0F10F3CD}.Release|Any CPU.ActiveCfg = Release|Any CPU
		{30679635-6775-44D7-9E4C-038A0F10F3CD}.Release|Any CPU.Build.0 = Release|Any CPU
		{550D833D-11DA-4057-80BE-5C58FF53653D}.Debug|Any CPU.ActiveCfg = Debug|Any CPU
		{550D833D-11DA-4057-80BE-5C58FF53653D}.Debug|Any CPU.Build.0 = Debug|Any CPU
		{550D833D-11DA-4057-80BE-5C58FF53653D}.Release|Any CPU.ActiveCfg = Release|Any CPU
		{550D833D-11DA-4057-80BE-5C58FF53653D}.Release|Any CPU.Build.0 = Release|Any CPU
		{0F8D33D4-EE83-4D20-B03E-6662523C3D3C}.Debug|Any CPU.ActiveCfg = Debug|Any CPU
		{0F8D33D4-EE83-4D20-B03E-6662523C3D3C}.Debug|Any CPU.Build.0 = Debug|Any CPU
		{0F8D33D4-EE83-4D20-B03E-6662523C3D3C}.Release|Any CPU.ActiveCfg = Release|Any CPU
		{0F8D33D4-EE83-4D20-B03E-6662523C3D3C}.Release|Any CPU.Build.0 = Release|Any CPU
		{76A6AB79-2C4E-4181-9622-77A260F9C2C9}.Debug|Any CPU.ActiveCfg = Debug|Any CPU
		{76A6AB79-2C4E-4181-9622-77A260F9C2C9}.Debug|Any CPU.Build.0 = Debug|Any CPU
		{76A6AB79-2C4E-4181-9622-77A260F9C2C9}.Release|Any CPU.ActiveCfg = Release|Any CPU
		{76A6AB79-2C4E-4181-9622-77A260F9C2C9}.Release|Any CPU.Build.0 = Release|Any CPU
		{4EF62FF0-B998-4B7B-A4ED-A39CB6D7F87A}.Debug|Any CPU.ActiveCfg = Debug|Any CPU
		{4EF62FF0-B998-4B7B-A4ED-A39CB6D7F87A}.Debug|Any CPU.Build.0 = Debug|Any CPU
		{4EF62FF0-B998-4B7B-A4ED-A39CB6D7F87A}.Release|Any CPU.ActiveCfg = Release|Any CPU
		{4EF62FF0-B998-4B7B-A4ED-A39CB6D7F87A}.Release|Any CPU.Build.0 = Release|Any CPU
	EndGlobalSection
	GlobalSection(SolutionProperties) = preSolution
		HideSolutionNode = FALSE
	EndGlobalSection
	GlobalSection(NestedProjects) = preSolution
		{905EF819-F0B7-42F5-A530-06547A43DCED} = {985C2DA6-8F96-49AC-B827-407398768EFF}
		{284EDCE8-A1F0-4901-BD95-AA13FA8D8476} = {985C2DA6-8F96-49AC-B827-407398768EFF}
		{26FA7C54-02E2-4A76-8ECE-11FEDEB57946} = {985C2DA6-8F96-49AC-B827-407398768EFF}
		{FF4D2553-5FD2-414B-8907-D7AFCB4ADC6E} = {985C2DA6-8F96-49AC-B827-407398768EFF}
		{0FDD381B-459F-4B6F-839D-AEF40F1063CF} = {905EF819-F0B7-42F5-A530-06547A43DCED}
		{4A13DCCF-9D66-4E7C-8929-8D8D89627157} = {284EDCE8-A1F0-4901-BD95-AA13FA8D8476}
		{69173A9E-B379-4FE5-8A2E-67F5B8C8ADF9} = {26FA7C54-02E2-4A76-8ECE-11FEDEB57946}
		{17BE1514-172E-46E8-AD50-579A653CD8A9} = {FF4D2553-5FD2-414B-8907-D7AFCB4ADC6E}
		{974F5EEA-6F8F-472C-829B-17E8C86C59E4} = {17BE1514-172E-46E8-AD50-579A653CD8A9}
		{38D2639F-F32E-4607-BD89-E0C2145A8D1A} = {4A13DCCF-9D66-4E7C-8929-8D8D89627157}
		{7C490EAC-5112-42D1-AE90-14AA71631129} = {0FDD381B-459F-4B6F-839D-AEF40F1063CF}
		{D38535A8-7ABB-4BBA-ACF2-531EF2BBD974} = {69173A9E-B379-4FE5-8A2E-67F5B8C8ADF9}
		{2094E3E1-2AC6-4199-908E-7F07D6324439} = {69173A9E-B379-4FE5-8A2E-67F5B8C8ADF9}
		{30679635-6775-44D7-9E4C-038A0F10F3CD} = {69173A9E-B379-4FE5-8A2E-67F5B8C8ADF9}
		{8FE7AB63-92F2-465F-8997-E5A43F67BB64} = {905EF819-F0B7-42F5-A530-06547A43DCED}
		{550D833D-11DA-4057-80BE-5C58FF53653D} = {8FE7AB63-92F2-465F-8997-E5A43F67BB64}
		{0F8D33D4-EE83-4D20-B03E-6662523C3D3C} = {C02CE22E-89C0-426C-9AF1-EE22756B5B06}
		{1E9D89EE-EE04-43F9-978E-70C4203B548F} = {905EF819-F0B7-42F5-A530-06547A43DCED}
		{76A6AB79-2C4E-4181-9622-77A260F9C2C9} = {1E9D89EE-EE04-43F9-978E-70C4203B548F}
		{94CE2D90-A741-4CF2-9B70-D6A09DE64E12} = {905EF819-F0B7-42F5-A530-06547A43DCED}
		{4EF62FF0-B998-4B7B-A4ED-A39CB6D7F87A} = {94CE2D90-A741-4CF2-9B70-D6A09DE64E12}
		{D7B48162-41FA-44B0-9B6D-AC21431ECE34} = {905EF819-F0B7-42F5-A530-06547A43DCED}
	EndGlobalSection
	GlobalSection(ExtensibilityGlobals) = postSolution
		SolutionGuid = {C6EDFE3B-0B87-46EC-BD38-894B11479945}
	EndGlobalSection
EndGlobal
